github.com/google/uuid v1.3.0 h1:t6JiXgmwXMjEs8VusXIJk2BXHsn+wx8BZdTaoZ5fu7I=
github.com/google/uuid v1.3.0/go.mod h1:TIyPZe4MgqvfeYDBFedMoGGpEw/LqOeaOT+nhxU+yHo=
github.com/vmware/govmomi v0.30.4 h1:BCKLoTmiBYRuplv3GxKEMBLtBaJm8PA56vo9bddIpYQ=
github.com/vmware/govmomi v0.30.4/go.mod h1:F7adsVewLNHsW/IIm7ziFURaXDaHEwcc+ym4r3INMdY=
